// !$*UTF8*$!
{
	archiveVersion = 1;
	classes = {
	};
	objectVersion = 46;
	objects = {

/* Begin PBXBuildFile section */
		CBD8FA3B1C8ADB950087DCC1 /* main.m in Sources */ = {isa = PBXBuildFile; fileRef = CBD8FA3A1C8ADB950087DCC1 /* main.m */; };
		CBD8FA3E1C8ADB950087DCC1 /* AppDelegate.m in Sources */ = {isa = PBXBuildFile; fileRef = CBD8FA3D1C8ADB950087DCC1 /* AppDelegate.m */; };
		CBD8FA401C8ADB950087DCC1 /* Assets.xcassets in Resources */ = {isa = PBXBuildFile; fileRef = CBD8FA3F1C8ADB950087DCC1 /* Assets.xcassets */; };
		CBD8FA431C8ADB950087DCC1 /* LaunchScreen.storyboard in Resources */ = {isa = PBXBuildFile; fileRef = CBD8FA411C8ADB950087DCC1 /* LaunchScreen.storyboard */; };
		CBD8FA4E1C8ADB950087DCC1 /* FactoryTests.m in Sources */ = {isa = PBXBuildFile; fileRef = CBD8FA4D1C8ADB950087DCC1 /* FactoryTests.m */; };
		CBD8FA591C8ADB950087DCC1 /* FactoryUITests.m in Sources */ = {isa = PBXBuildFile; fileRef = CBD8FA581C8ADB950087DCC1 /* FactoryUITests.m */; };
		CBD8FA681C8ADBCD0087DCC1 /* ZZProduct.m in Sources */ = {isa = PBXBuildFile; fileRef = CBD8FA671C8ADBCD0087DCC1 /* ZZProduct.m */; };
		CBD8FA6B1C8ADBEB0087DCC1 /* ZZBeautyProduct.m in Sources */ = {isa = PBXBuildFile; fileRef = CBD8FA6A1C8ADBEB0087DCC1 /* ZZBeautyProduct.m */; };
		CBD8FA6E1C8ADC030087DCC1 /* ZZITProduct.m in Sources */ = {isa = PBXBuildFile; fileRef = CBD8FA6D1C8ADC030087DCC1 /* ZZITProduct.m */; };
		CBD8FA711C8ADC1B0087DCC1 /* ZZProductFactory.m in Sources */ = {isa = PBXBuildFile; fileRef = CBD8FA701C8ADC1B0087DCC1 /* ZZProductFactory.m */; };
		CBD8FA761C8ADC740087DCC1 /* ZZViewController.m in Sources */ = {isa = PBXBuildFile; fileRef = CBD8FA751C8ADC740087DCC1 /* ZZViewController.m */; };
/* End PBXBuildFile section */

/* Begin PBXContainerItemProxy section */
		CBD8FA4A1C8ADB950087DCC1 /* PBXContainerItemProxy */ = {
			isa = PBXContainerItemProxy;
			containerPortal = CBD8FA2E1C8ADB950087DCC1 /* Project object */;
			proxyType = 1;
			remoteGlobalIDString = CBD8FA351C8ADB950087DCC1;
			remoteInfo = Factory;
		};
		CBD8FA551C8ADB950087DCC1 /* PBXContainerItemProxy */ = {
			isa = PBXContainerItemProxy;
			containerPortal = CBD8FA2E1C8ADB950087DCC1 /* Project object */;
			proxyType = 1;
			remoteGlobalIDString = CBD8FA351C8ADB950087DCC1;
			remoteInfo = Factory;
		};
/* End PBXContainerItemProxy section */

/* Begin PBXFileReference section */
		CBD8FA361C8ADB950087DCC1 /* Factory.app */ = {isa = PBXFileReference; explicitFileType = wrapper.application; includeInIndex = 0; path = Factory.app; sourceTree = BUILT_PRODUCTS_DIR; };
		CBD8FA3A1C8ADB950087DCC1 /* main.m */ = {isa = PBXFileReference; lastKnownFileType = sourcecode.c.objc; path = main.m; sourceTree = "<group>"; };
		CBD8FA3C1C8ADB950087DCC1 /* AppDelegate.h */ = {isa = PBXFileReference; lastKnownFileType = sourcecode.c.h; path = AppDelegate.h; sourceTree = "<group>"; };
		CBD8FA3D1C8ADB950087DCC1 /* AppDelegate.m */ = {isa = PBXFileReference; lastKnownFileType = sourcecode.c.objc; path = AppDelegate.m; sourceTree = "<group>"; };
		CBD8FA3F1C8ADB950087DCC1 /* Assets.xcassets */ = {isa = PBXFileReference; lastKnownFileType = folder.assetcatalog; path = Assets.xcassets; sourceTree = "<group>"; };
		CBD8FA421C8ADB950087DCC1 /* Base */ = {isa = PBXFileReference; lastKnownFileType = file.storyboard; name = Base; path = Base.lproj/LaunchScreen.storyboard; sourceTree = "<group>"; };
		CBD8FA441C8ADB950087DCC1 /* Info.plist */ = {isa = PBXFileReference; lastKnownFileType = text.plist.xml; path = Info.plist; sourceTree = "<group>"; };
		CBD8FA491C8ADB950087DCC1 /* FactoryTests.xctest */ = {isa = PBXFileReference; explicitFileType = wrapper.cfbundle; includeInIndex = 0; path = FactoryTests.xctest; sourceTree = BUILT_PRODUCTS_DIR; };
		CBD8FA4D1C8ADB950087DCC1 /* FactoryTests.m */ = {isa = PBXFileReference; lastKnownFileType = sourcecode.c.objc; path = FactoryTests.m; sourceTree = "<group>"; };
		CBD8FA4F1C8ADB950087DCC1 /* Info.plist */ = {isa = PBXFileReference; lastKnownFileType = text.plist.xml; path = Info.plist; sourceTree = "<group>"; };
		CBD8FA541C8ADB950087DCC1 /* FactoryUITests.xctest */ = {isa = PBXFileReference; explicitFileType = wrapper.cfbundle; includeInIndex = 0; path = FactoryUITests.xctest; sourceTree = BUILT_PRODUCTS_DIR; };
		CBD8FA581C8ADB950087DCC1 /* FactoryUITests.m */ = {isa = PBXFileReference; lastKnownFileType = sourcecode.c.objc; path = FactoryUITests.m; sourceTree = "<group>"; };
		CBD8FA5A1C8ADB950087DCC1 /* Info.plist */ = {isa = PBXFileReference; lastKnownFileType = text.plist.xml; path = Info.plist; sourceTree = "<group>"; };
		CBD8FA661C8ADBCD0087DCC1 /* ZZProduct.h */ = {isa = PBXFileReference; fileEncoding = 4; lastKnownFileType = sourcecode.c.h; path = ZZProduct.h; sourceTree = "<group>"; };
		CBD8FA671C8ADBCD0087DCC1 /* ZZProduct.m */ = {isa = PBXFileReference; fileEncoding = 4; lastKnownFileType = sourcecode.c.objc; path = ZZProduct.m; sourceTree = "<group>"; };
		CBD8FA691C8ADBEB0087DCC1 /* ZZBeautyProduct.h */ = {isa = PBXFileReference; fileEncoding = 4; lastKnownFileType = sourcecode.c.h; path = ZZBeautyProduct.h; sourceTree = "<group>"; };
		CBD8FA6A1C8ADBEB0087DCC1 /* ZZBeautyProduct.m */ = {isa = PBXFileReference; fileEncoding = 4; lastKnownFileType = sourcecode.c.objc; path = ZZBeautyProduct.m; sourceTree = "<group>"; };
		CBD8FA6C1C8ADC030087DCC1 /* ZZITProduct.h */ = {isa = PBXFileReference; fileEncoding = 4; lastKnownFileType = sourcecode.c.h; path = ZZITProduct.h; sourceTree = "<group>"; };
		CBD8FA6D1C8ADC030087DCC1 /* ZZITProduct.m */ = {isa = PBXFileReference; fileEncoding = 4; lastKnownFileType = sourcecode.c.objc; path = ZZITProduct.m; sourceTree = "<group>"; };
		CBD8FA6F1C8ADC1B0087DCC1 /* ZZProductFactory.h */ = {isa = PBXFileReference; fileEncoding = 4; lastKnownFileType = sourcecode.c.h; path = ZZProductFactory.h; sourceTree = "<group>"; };
		CBD8FA701C8ADC1B0087DCC1 /* ZZProductFactory.m */ = {isa = PBXFileReference; fileEncoding = 4; lastKnownFileType = sourcecode.c.objc; path = ZZProductFactory.m; sourceTree = "<group>"; };
		CBD8FA741C8ADC740087DCC1 /* ZZViewController.h */ = {isa = PBXFileReference; fileEncoding = 4; lastKnownFileType = sourcecode.c.h; path = ZZViewController.h; sourceTree = "<group>"; };
		CBD8FA751C8ADC740087DCC1 /* ZZViewController.m */ = {isa = PBXFileReference; fileEncoding = 4; lastKnownFileType = sourcecode.c.objc; path = ZZViewController.m; sourceTree = "<group>"; };
/* End PBXFileReference section */

/* Begin PBXFrameworksBuildPhase section */
		CBD8FA331C8ADB950087DCC1 /* Frameworks */ = {
			isa = PBXFrameworksBuildPhase;
			buildActionMask = 2147483647;
			files = (
			);
			runOnlyForDeploymentPostprocessing = 0;
		};
		CBD8FA461C8ADB950087DCC1 /* Frameworks */ = {
			isa = PBXFrameworksBuildPhase;
			buildActionMask = 2147483647;
			files = (
			);
			runOnlyForDeploymentPostprocessing = 0;
		};
		CBD8FA511C8ADB950087DCC1 /* Frameworks */ = {
			isa = PBXFrameworksBuildPhase;
			buildActionMask = 2147483647;
			files = (
			);
			runOnlyForDeploymentPostprocessing = 0;
		};
/* End PBXFrameworksBuildPhase section */

/* Begin PBXGroup section */
		CBD8FA2D1C8ADB950087DCC1 = {
			isa = PBXGroup;
			children = (
				CBD8FA381C8ADB950087DCC1 /* Factory */,
				CBD8FA4C1C8ADB950087DCC1 /* FactoryTests */,
				CBD8FA571C8ADB950087DCC1 /* FactoryUITests */,
				CBD8FA371C8ADB950087DCC1 /* Products */,
			);
			sourceTree = "<group>";
		};
		CBD8FA371C8ADB950087DCC1 /* Products */ = {
			isa = PBXGroup;
			children = (
				CBD8FA361C8ADB950087DCC1 /* Factory.app */,
				CBD8FA491C8ADB950087DCC1 /* FactoryTests.xctest */,
				CBD8FA541C8ADB950087DCC1 /* FactoryUITests.xctest */,
			);
			name = Products;
			sourceTree = "<group>";
		};
		CBD8FA381C8ADB950087DCC1 /* Factory */ = {
			isa = PBXGroup;
			children = (
				CBD8FA731C8ADC640087DCC1 /* viewController */,
				CBD8FA721C8ADC280087DCC1 /* model */,
				CBD8FA3C1C8ADB950087DCC1 /* AppDelegate.h */,
				CBD8FA3D1C8ADB950087DCC1 /* AppDelegate.m */,
				CBD8FA3F1C8ADB950087DCC1 /* Assets.xcassets */,
				CBD8FA411C8ADB950087DCC1 /* LaunchScreen.storyboard */,
				CBD8FA441C8ADB950087DCC1 /* Info.plist */,
				CBD8FA391C8ADB950087DCC1 /* Supporting Files */,
			);
			path = Factory;
			sourceTree = "<group>";
		};
		CBD8FA391C8ADB950087DCC1 /* Supporting Files */ = {
			isa = PBXGroup;
			children = (
				CBD8FA3A1C8ADB950087DCC1 /* main.m */,
			);
			name = "Supporting Files";
			sourceTree = "<group>";
		};
		CBD8FA4C1C8ADB950087DCC1 /* FactoryTests */ = {
			isa = PBXGroup;
			children = (
				CBD8FA4D1C8ADB950087DCC1 /* FactoryTests.m */,
				CBD8FA4F1C8ADB950087DCC1 /* Info.plist */,
			);
			path = FactoryTests;
			sourceTree = "<group>";
		};
		CBD8FA571C8ADB950087DCC1 /* FactoryUITests */ = {
			isa = PBXGroup;
			children = (
				CBD8FA581C8ADB950087DCC1 /* FactoryUITests.m */,
				CBD8FA5A1C8ADB950087DCC1 /* Info.plist */,
			);
			path = FactoryUITests;
			sourceTree = "<group>";
		};
		CBD8FA721C8ADC280087DCC1 /* model */ = {
			isa = PBXGroup;
			children = (
				CBD8FA6F1C8ADC1B0087DCC1 /* ZZProductFactory.h */,
				CBD8FA701C8ADC1B0087DCC1 /* ZZProductFactory.m */,
				CBD8FA6C1C8ADC030087DCC1 /* ZZITProduct.h */,
				CBD8FA6D1C8ADC030087DCC1 /* ZZITProduct.m */,
				CBD8FA661C8ADBCD0087DCC1 /* ZZProduct.h */,
				CBD8FA671C8ADBCD0087DCC1 /* ZZProduct.m */,
				CBD8FA691C8ADBEB0087DCC1 /* ZZBeautyProduct.h */,
				CBD8FA6A1C8ADBEB0087DCC1 /* ZZBeautyProduct.m */,
			);
			name = model;
			sourceTree = "<group>";
		};
		CBD8FA731C8ADC640087DCC1 /* viewController */ = {
			isa = PBXGroup;
			children = (
				CBD8FA741C8ADC740087DCC1 /* ZZViewController.h */,
				CBD8FA751C8ADC740087DCC1 /* ZZViewController.m */,
			);
			name = viewController;
			sourceTree = "<group>";
		};
/* End PBXGroup section */

/* Begin PBXNativeTarget section */
		CBD8FA351C8ADB950087DCC1 /* Factory */ = {
			isa = PBXNativeTarget;
			buildConfigurationList = CBD8FA5D1C8ADB950087DCC1 /* Build configuration list for PBXNativeTarget "Factory" */;
			buildPhases = (
				CBD8FA321C8ADB950087DCC1 /* Sources */,
				CBD8FA331C8ADB950087DCC1 /* Frameworks */,
				CBD8FA341C8ADB950087DCC1 /* Resources */,
			);
			buildRules = (
			);
			dependencies = (
			);
			name = Factory;
			productName = Factory;
			productReference = CBD8FA361C8ADB950087DCC1 /* Factory.app */;
			productType = "com.apple.product-type.application";
		};
		CBD8FA481C8ADB950087DCC1 /* FactoryTests */ = {
			isa = PBXNativeTarget;
			buildConfigurationList = CBD8FA601C8ADB950087DCC1 /* Build configuration list for PBXNativeTarget "FactoryTests" */;
			buildPhases = (
				CBD8FA451C8ADB950087DCC1 /* Sources */,
				CBD8FA461C8ADB950087DCC1 /* Frameworks */,
				CBD8FA471C8ADB950087DCC1 /* Resources */,
			);
			buildRules = (
			);
			dependencies = (
				CBD8FA4B1C8ADB950087DCC1 /* PBXTargetDependency */,
			);
			name = FactoryTests;
			productName = FactoryTests;
			productReference = CBD8FA491C8ADB950087DCC1 /* FactoryTests.xctest */;
			productType = "com.apple.product-type.bundle.unit-test";
		};
		CBD8FA531C8ADB950087DCC1 /* FactoryUITests */ = {
			isa = PBXNativeTarget;
			buildConfigurationList = CBD8FA631C8ADB950087DCC1 /* Build configuration list for PBXNativeTarget "FactoryUITests" */;
			buildPhases = (
				CBD8FA501C8ADB950087DCC1 /* Sources */,
				CBD8FA511C8ADB950087DCC1 /* Frameworks */,
				CBD8FA521C8ADB950087DCC1 /* Resources */,
			);
			buildRules = (
			);
			dependencies = (
				CBD8FA561C8ADB950087DCC1 /* PBXTargetDependency */,
			);
			name = FactoryUITests;
			productName = FactoryUITests;
			productReference = CBD8FA541C8ADB950087DCC1 /* FactoryUITests.xctest */;
			productType = "com.apple.product-type.bundle.ui-testing";
		};
/* End PBXNativeTarget section */

/* Begin PBXProject section */
		CBD8FA2E1C8ADB950087DCC1 /* Project object */ = {
			isa = PBXProject;
			attributes = {
				LastUpgradeCheck = 0720;
				ORGANIZATIONNAME = jeff.zhou;
				TargetAttributes = {
					CBD8FA351C8ADB950087DCC1 = {
						CreatedOnToolsVersion = 7.2.1;
						DevelopmentTeam = Y3WXDT646K;
					};
					CBD8FA481C8ADB950087DCC1 = {
						CreatedOnToolsVersion = 7.2.1;
						DevelopmentTeam = Y3WXDT646K;
						TestTargetID = CBD8FA351C8ADB950087DCC1;
					};
					CBD8FA531C8ADB950087DCC1 = {
						CreatedOnToolsVersion = 7.2.1;
						DevelopmentTeam = Y3WXDT646K;
						TestTargetID = CBD8FA351C8ADB950087DCC1;
					};
				};
			};
			buildConfigurationList = CBD8FA311C8ADB950087DCC1 /* Build configuration list for PBXProject "Factory" */;
			compatibilityVersion = "Xcode 3.2";
			developmentRegion = English;
			hasScannedForEncodings = 0;
			knownRegions = (
				en,
				Base,
			);
			mainGroup = CBD8FA2D1C8ADB950087DCC1;
			productRefGroup = CBD8FA371C8ADB950087DCC1 /* Products */;
			projectDirPath = "";
			projectRoot = "";
			targets = (
				CBD8FA351C8ADB950087DCC1 /* Factory */,
				CBD8FA481C8ADB950087DCC1 /* FactoryTests */,
				CBD8FA531C8ADB950087DCC1 /* FactoryUITests */,
			);
		};
/* End PBXProject section */

/* Begin PBXResourcesBuildPhase section */
		CBD8FA341C8ADB950087DCC1 /* Resources */ = {
			isa = PBXResourcesBuildPhase;
			buildActionMask = 2147483647;
			files = (
				CBD8FA401C8ADB950087DCC1 /* Assets.xcassets in Resources */,
				CBD8FA431C8ADB950087DCC1 /* LaunchScreen.storyboard in Resources */,
			);
			runOnlyForDeploymentPostprocessing = 0;
		};
		CBD8FA471C8ADB950087DCC1 /* Resources */ = {
			isa = PBXResourcesBuildPhase;
			buildActionMask = 2147483647;
			files = (
			);
			runOnlyForDeploymentPostprocessing = 0;
		};
		CBD8FA521C8ADB950087DCC1 /* Resources */ = {
			isa = PBXResourcesBuildPhase;
			buildActionMask = 2147483647;
			files = (
			);
			runOnlyForDeploymentPostprocessing = 0;
		};
/* End PBXResourcesBuildPhase section */

/* Begin PBXSourcesBuildPhase section */
		CBD8FA321C8ADB950087DCC1 /* Sources */ = {
			isa = PBXSourcesBuildPhase;
			buildActionMask = 2147483647;
			files = (
				CBD8FA711C8ADC1B0087DCC1 /* ZZProductFactory.m in Sources */,
				CBD8FA6E1C8ADC030087DCC1 /* ZZITProduct.m in Sources */,
				CBD8FA3E1C8ADB950087DCC1 /* AppDelegate.m in Sources */,
				CBD8FA761C8ADC740087DCC1 /* ZZViewController.m in Sources */,
				CBD8FA3B1C8ADB950087DCC1 /* main.m in Sources */,
				CBD8FA681C8ADBCD0087DCC1 /* ZZProduct.m in Sources */,
				CBD8FA6B1C8ADBEB0087DCC1 /* ZZBeautyProduct.m in Sources */,
			);
			runOnlyForDeploymentPostprocessing = 0;
		};
		CBD8FA451C8ADB950087DCC1 /* Sources */ = {
			isa = PBXSourcesBuildPhase;
			buildActionMask = 2147483647;
			files = (
				CBD8FA4E1C8ADB950087DCC1 /* FactoryTests.m in Sources */,
			);
			runOnlyForDeploymentPostprocessing = 0;
		};
		CBD8FA501C8ADB950087DCC1 /* Sources */ = {
			isa = PBXSourcesBuildPhase;
			buildActionMask = 2147483647;
			files = (
				CBD8FA591C8ADB950087DCC1 /* FactoryUITests.m in Sources */,
			);
			runOnlyForDeploymentPostprocessing = 0;
		};
/* End PBXSourcesBuildPhase section */

/* Begin PBXTargetDependency section */
		CBD8FA4B1C8ADB950087DCC1 /* PBXTargetDependency */ = {
			isa = PBXTargetDependency;
			target = CBD8FA351C8ADB950087DCC1 /* Factory */;
			targetProxy = CBD8FA4A1C8ADB950087DCC1 /* PBXContainerItemProxy */;
		};
		CBD8FA561C8ADB950087DCC1 /* PBXTargetDependency */ = {
			isa = PBXTargetDependency;
			target = CBD8FA351C8ADB950087DCC1 /* Factory */;
			targetProxy = CBD8FA551C8ADB950087DCC1 /* PBXContainerItemProxy */;
		};
/* End PBXTargetDependency section */

/* Begin PBXVariantGroup section */
		CBD8FA411C8ADB950087DCC1 /* LaunchScreen.storyboard */ = {
			isa = PBXVariantGroup;
			children = (
				CBD8FA421C8ADB950087DCC1 /* Base */,
			);
			name = LaunchScreen.storyboard;
			sourceTree = "<group>";
		};
/* End PBXVariantGroup section */

/* Begin XCBuildConfiguration section */
		CBD8FA5B1C8ADB950087DCC1 /* Debug */ = {
			isa = XCBuildConfiguration;
			buildSettings = {
				ALWAYS_SEARCH_USER_PATHS = NO;
				CLANG_CXX_LANGUAGE_STANDARD = "gnu++0x";
				CLANG_CXX_LIBRARY = "libc++";
				CLANG_ENABLE_MODULES = YES;
				CLANG_ENABLE_OBJC_ARC = YES;
				CLANG_WARN_BOOL_CONVERSION = YES;
				CLANG_WARN_CONSTANT_CONVERSION = YES;
				CLANG_WARN_DIRECT_OBJC_ISA_USAGE = YES_ERROR;
				CLANG_WARN_EMPTY_BODY = YES;
				CLANG_WARN_ENUM_CONVERSION = YES;
				CLANG_WARN_INT_CONVERSION = YES;
				CLANG_WARN_OBJC_ROOT_CLASS = YES_ERROR;
				CLANG_WARN_UNREACHABLE_CODE = YES;
				CLANG_WARN__DUPLICATE_METHOD_MATCH = YES;
				"CODE_SIGN_IDENTITY[sdk=iphoneos*]" = "iPhone Developer";
				COPY_PHASE_STRIP = NO;
				DEBUG_INFORMATION_FORMAT = dwarf;
				ENABLE_STRICT_OBJC_MSGSEND = YES;
				ENABLE_TESTABILITY = YES;
				GCC_C_LANGUAGE_STANDARD = gnu99;
				GCC_DYNAMIC_NO_PIC = NO;
				GCC_NO_COMMON_BLOCKS = YES;
				GCC_OPTIMIZATION_LEVEL = 0;
				GCC_PREPROCESSOR_DEFINITIONS = (
					"DEBUG=1",
					"$(inherited)",
				);
				GCC_WARN_64_TO_32_BIT_CONVERSION = YES;
				GCC_WARN_ABOUT_RETURN_TYPE = YES_ERROR;
				GCC_WARN_UNDECLARED_SELECTOR = YES;
				GCC_WARN_UNINITIALIZED_AUTOS = YES_AGGRESSIVE;
				GCC_WARN_UNUSED_FUNCTION = YES;
				GCC_WARN_UNUSED_VARIABLE = YES;
				IPHONEOS_DEPLOYMENT_TARGET = 9.2;
				MTL_ENABLE_DEBUG_INFO = YES;
				ONLY_ACTIVE_ARCH = YES;
				SDKROOT = iphoneos;
			};
			name = Debug;
		};
		CBD8FA5C1C8ADB950087DCC1 /* Release */ = {
			isa = XCBuildConfiguration;
			buildSettings = {
				ALWAYS_SEARCH_USER_PATHS = NO;
				CLANG_CXX_LANGUAGE_STANDARD = "gnu++0x";
				CLANG_CXX_LIBRARY = "libc++";
				CLANG_ENABLE_MODULES = YES;
				CLANG_ENABLE_OBJC_ARC = YES;
				CLANG_WARN_BOOL_CONVERSION = YES;
				CLANG_WARN_CONSTANT_CONVERSION = YES;
				CLANG_WARN_DIRECT_OBJC_ISA_USAGE = YES_ERROR;
				CLANG_WARN_EMPTY_BODY = YES;
				CLANG_WARN_ENUM_CONVERSION = YES;
				CLANG_WARN_INT_CONVERSION = YES;
				CLANG_WARN_OBJC_ROOT_CLASS = YES_ERROR;
				CLANG_WARN_UNREACHABLE_CODE = YES;
				CLANG_WARN__DUPLICATE_METHOD_MATCH = YES;
				"CODE_SIGN_IDENTITY[sdk=iphoneos*]" = "iPhone Developer";
				COPY_PHASE_STRIP = NO;
				DEBUG_INFORMATION_FORMAT = "dwarf-with-dsym";
				ENABLE_NS_ASSERTIONS = NO;
				ENABLE_STRICT_OBJC_MSGSEND = YES;
				GCC_C_LANGUAGE_STANDARD = gnu99;
				GCC_NO_COMMON_BLOCKS = YES;
				GCC_WARN_64_TO_32_BIT_CONVERSION = YES;
				GCC_WARN_ABOUT_RETURN_TYPE = YES_ERROR;
				GCC_WARN_UNDECLARED_SELECTOR = YES;
				GCC_WARN_UNINITIALIZED_AUTOS = YES_AGGRESSIVE;
				GCC_WARN_UNUSED_FUNCTION = YES;
				GCC_WARN_UNUSED_VARIABLE = YES;
				IPHONEOS_DEPLOYMENT_TARGET = 9.2;
				MTL_ENABLE_DEBUG_INFO = NO;
				SDKROOT = iphoneos;
				VALIDATE_PRODUCT = YES;
			};
			name = Release;
		};
		CBD8FA5E1C8ADB950087DCC1 /* Debug */ = {
			isa = XCBuildConfiguration;
			buildSettings = {
				ASSETCATALOG_COMPILER_APPICON_NAME = AppIcon;
				INFOPLIST_FILE = Factory/Info.plist;
				LD_RUNPATH_SEARCH_PATHS = "$(inherited) @executable_path/Frameworks";
				PRODUCT_BUNDLE_IDENTIFIER = com.zhou.Factory;
				PRODUCT_NAME = "$(TARGET_NAME)";
			};
			name = Debug;
		};
		CBD8FA5F1C8ADB950087DCC1 /* Release */ = {
			isa = XCBuildConfiguration;
			buildSettings = {
				ASSETCATALOG_COMPILER_APPICON_NAME = AppIcon;
				INFOPLIST_FILE = Factory/Info.plist;
				LD_RUNPATH_SEARCH_PATHS = "$(inherited) @executable_path/Frameworks";
				PRODUCT_BUNDLE_IDENTIFIER = com.zhou.Factory;
				PRODUCT_NAME = "$(TARGET_NAME)";
			};
			name = Release;
		};
		CBD8FA611C8ADB950087DCC1 /* Debug */ = {
			isa = XCBuildConfiguration;
			buildSettings = {
				BUNDLE_LOADER = "$(TEST_HOST)";
				INFOPLIST_FILE = FactoryTests/Info.plist;
				LD_RUNPATH_SEARCH_PATHS = "$(inherited) @executable_path/Frameworks @loader_path/Frameworks";
				PRODUCT_BUNDLE_IDENTIFIER = com.zhou.FactoryTests;
				PRODUCT_NAME = "$(TARGET_NAME)";
				TEST_HOST = "$(BUILT_PRODUCTS_DIR)/Factory.app/Factory";
			};
			name = Debug;
		};
		CBD8FA621C8ADB950087DCC1 /* Release */ = {
			isa = XCBuildConfiguration;
			buildSettings = {
				BUNDLE_LOADER = "$(TEST_HOST)";
				INFOPLIST_FILE = FactoryTests/Info.plist;
				LD_RUNPATH_SEARCH_PATHS = "$(inherited) @executable_path/Frameworks @loader_path/Frameworks";
				PRODUCT_BUNDLE_IDENTIFIER = com.zhou.FactoryTests;
				PRODUCT_NAME = "$(TARGET_NAME)";
				TEST_HOST = "$(BUILT_PRODUCTS_DIR)/Factory.app/Factory";
			};
			name = Release;
		};
		CBD8FA641C8ADB950087DCC1 /* Debug */ = {
			isa = XCBuildConfiguration;
			buildSettings = {
				INFOPLIST_FILE = FactoryUITests/Info.plist;
				LD_RUNPATH_SEARCH_PATHS = "$(inherited) @executable_path/Frameworks @loader_path/Frameworks";
				PRODUCT_BUNDLE_IDENTIFIER = com.zhou.FactoryUITests;
				PRODUCT_NAME = "$(TARGET_NAME)";
				TEST_TARGET_NAME = Factory;
				USES_XCTRUNNER = YES;
			};
			name = Debug;
		};
		CBD8FA651C8ADB950087DCC1 /* Release */ = {
			isa = XCBuildConfiguration;
			buildSettings = {
				INFOPLIST_FILE = FactoryUITests/Info.plist;
				LD_RUNPATH_SEARCH_PATHS = "$(inherited) @executable_path/Frameworks @loader_path/Frameworks";
				PRODUCT_BUNDLE_IDENTIFIER = com.zhou.FactoryUITests;
				PRODUCT_NAME = "$(TARGET_NAME)";
				TEST_TARGET_NAME = Factory;
				USES_XCTRUNNER = YES;
			};
			name = Release;
		};
/* End XCBuildConfiguration section */

/* Begin XCConfigurationList section */
		CBD8FA311C8ADB950087DCC1 /* Build configuration list for PBXProject "Factory" */ = {
			isa = XCConfigurationList;
			buildConfigurations = (
				CBD8FA5B1C8ADB950087DCC1 /* Debug */,
				CBD8FA5C1C8ADB950087DCC1 /* Release */,
			);
			defaultConfigurationIsVisible = 0;
			defaultConfigurationName = Release;
		};
		CBD8FA5D1C8ADB950087DCC1 /* Build configuration list for PBXNativeTarget "Factory" */ = {
			isa = XCConfigurationList;
			buildConfigurations = (
				CBD8FA5E1C8ADB950087DCC1 /* Debug */,
				CBD8FA5F1C8ADB950087DCC1 /* Release */,
			);
			defaultConfigurationIsVisible = 0;
		};
		CBD8FA601C8ADB950087DCC1 /* Build configuration list for PBXNativeTarget "FactoryTests" */ = {
			isa = XCConfigurationList;
			buildConfigurations = (
				CBD8FA611C8ADB950087DCC1 /* Debug */,
				CBD8FA621C8ADB950087DCC1 /* Release */,
			);
			defaultConfigurationIsVisible = 0;
		};
		CBD8FA631C8ADB950087DCC1 /* Build configuration list for PBXNativeTarget "FactoryUITests" */ = {
			isa = XCConfigurationList;
			buildConfigurations = (
				CBD8FA641C8ADB950087DCC1 /* Debug */,
				CBD8FA651C8ADB950087DCC1 /* Release */,
			);
			defaultConfigurationIsVisible = 0;
		};
/* End XCConfigurationList section */
	};
	rootObject = CBD8FA2E1C8ADB950087DCC1 /* Project object */;
}
